
Microsoft Visual Studio Solution File, Format Version 12.00
Project("{FAE04EC0-301F-11D3-BF4B-00C04F79EFBC}") = "15.1", "15.1\15.1.csproj", "{2F9B89B8-22AA-4B03-A8D6-A289F1346D7F}"
EndProject
Global
	GlobalSection(SolutionConfigurationPlatforms) = preSolution
		Debug|Any CPU = Debug|Any CPU
		Release|Any CPU = Release|Any CPU
	EndGlobalSection
	GlobalSection(ProjectConfigurationPlatforms) = postSolution
		{2F9B89B8-22AA-4B03-A8D6-A289F1346D7F}.Debug|Any CPU.ActiveCfg = Debug|Any CPU
		{2F9B89B8-22AA-4B03-A8D6-A289F1346D7F}.Debug|Any CPU.Build.0 = Debug|Any CPU
		{2F9B89B8-22AA-4B03-A8D6-A289F1346D7F}.Release|Any CPU.ActiveCfg = Release|Any CPU
		{2F9B89B8-22AA-4B03-A8D6-A289F1346D7F}.Release|Any CPU.Build.0 = Release|Any CPU
	EndGlobalSection
EndGlobal
